
Microsoft Visual Studio Solution File, Format Version 12.00
# Visual Studio Version 16
VisualStudioVersion = 16.0.29123.88
MinimumVisualStudioVersion = 10.0.40219.1
Project("{FAE04EC0-301F-11D3-BF4B-00C04F79EFBC}") = "Array", "Array.csproj", "{AE8D96AD-67D3-4946-A886-3EB1D59B0328}"
EndProject
Global
	GlobalSection(SolutionConfigurationPlatforms) = preSolution
		Debug|Any CPU = Debug|Any CPU
		Release|Any CPU = Release|Any CPU
	EndGlobalSection
	GlobalSection(ProjectConfigurationPlatforms) = postSolution
		{AE8D96AD-67D3-4946-A886-3EB1D59B0328}.Debug|Any CPU.ActiveCfg = Debug|Any CPU
		{AE8D96AD-67D3-4946-A886-3EB1D59B0328}.Debug|Any CPU.Build.0 = Debug|Any CPU
		{AE8D96AD-67D3-4946-A886-3EB1D59B0328}.Release|Any CPU.ActiveCfg = Release|Any CPU
		{AE8D96AD-67D3-4946-A886-3EB1D59B0328}.Release|Any CPU.Build.0 = Release|Any CPU
	EndGlobalSection
	GlobalSection(SolutionProperties) = preSolution
		HideSolutionNode = FALSE
	EndGlobalSection
	GlobalSection(ExtensibilityGlobals) = postSolution
		SolutionGuid = {3C8A742F-83E3-4BCB-96C6-46641A7DD6DA}
	EndGlobalSection
EndGlobal
